
Microsoft Visual Studio Solution File, Format Version 12.00
# Visual Studio 14
VisualStudioVersion = 14.0.23107.0
MinimumVisualStudioVersion = 10.0.40219.1
Project("{2150E333-8FDC-42A3-9474-1A3956D46DE8}") = "src", "src", "{0D936C80-7ECC-495D-B25F-5EB3C569D011}"
EndProject
Project("{2150E333-8FDC-42A3-9474-1A3956D46DE8}") = "Solution Items", "Solution Items", "{012DEF44-12B6-44D9-90F7-3E9F5C893EFA}"
	ProjectSection(SolutionItems) = preProject
		global.json = global.json
		Nuget.config = Nuget.config
		Readme.md = Readme.md
	EndProjectSection
EndProject
Project("{8BB2217D-0F2D-49D1-97BC-3654ED321F3B}") = "AlbumViewerAspNet5", "src\AlbumViewerAspNet5\AlbumViewerAspNet5.xproj", "{545D1EAF-2EF9-4034-99AD-AF4A16ED4408}"
EndProject
Project("{8BB2217D-0F2D-49D1-97BC-3654ED321F3B}") = "Westwind.Utilities", "src\Westwind.Utilities\Westwind.Utilities.xproj", "{62F2C8DF-5DA6-40BC-8A8F-41A81D9B695B}"
EndProject
Project("{8BB2217D-0F2D-49D1-97BC-3654ED321F3B}") = "AlbumViewerBusiness", "src\AlbumViewerBusiness\AlbumViewerBusiness.xproj", "{53D49B63-0FCB-4AEA-B208-8ED8864DF11E}"
EndProject
Global
	GlobalSection(SolutionConfigurationPlatforms) = preSolution
		Debug|Any CPU = Debug|Any CPU
		Release|Any CPU = Release|Any CPU
	EndGlobalSection
	GlobalSection(ProjectConfigurationPlatforms) = postSolution
		{545D1EAF-2EF9-4034-99AD-AF4A16ED4408}.Debug|Any CPU.ActiveCfg = Debug|Any CPU
		{545D1EAF-2EF9-4034-99AD-AF4A16ED4408}.Debug|Any CPU.Build.0 = Debug|Any CPU
		{545D1EAF-2EF9-4034-99AD-AF4A16ED4408}.Release|Any CPU.ActiveCfg = Release|Any CPU
		{545D1EAF-2EF9-4034-99AD-AF4A16ED4408}.Release|Any CPU.Build.0 = Release|Any CPU
		{62F2C8DF-5DA6-40BC-8A8F-41A81D9B695B}.Debug|Any CPU.ActiveCfg = Debug|Any CPU
		{62F2C8DF-5DA6-40BC-8A8F-41A81D9B695B}.Debug|Any CPU.Build.0 = Debug|Any CPU
		{62F2C8DF-5DA6-40BC-8A8F-41A81D9B695B}.Release|Any CPU.ActiveCfg = Release|Any CPU
		{62F2C8DF-5DA6-40BC-8A8F-41A81D9B695B}.Release|Any CPU.Build.0 = Release|Any CPU
		{53D49B63-0FCB-4AEA-B208-8ED8864DF11E}.Debug|Any CPU.ActiveCfg = Debug|Any CPU
		{53D49B63-0FCB-4AEA-B208-8ED8864DF11E}.Debug|Any CPU.Build.0 = Debug|Any CPU
		{53D49B63-0FCB-4AEA-B208-8ED8864DF11E}.Release|Any CPU.ActiveCfg = Release|Any CPU
		{53D49B63-0FCB-4AEA-B208-8ED8864DF11E}.Release|Any CPU.Build.0 = Release|Any CPU
	EndGlobalSection
	GlobalSection(SolutionProperties) = preSolution
		HideSolutionNode = FALSE
	EndGlobalSection
	GlobalSection(NestedProjects) = preSolution
		{545D1EAF-2EF9-4034-99AD-AF4A16ED4408} = {0D936C80-7ECC-495D-B25F-5EB3C569D011}
		{62F2C8DF-5DA6-40BC-8A8F-41A81D9B695B} = {0D936C80-7ECC-495D-B25F-5EB3C569D011}
		{53D49B63-0FCB-4AEA-B208-8ED8864DF11E} = {0D936C80-7ECC-495D-B25F-5EB3C569D011}
	EndGlobalSection
EndGlobal
