
Microsoft Visual Studio Solution File, Format Version 12.00
# Visual Studio 14
VisualStudioVersion = 14.0.22231.1
MinimumVisualStudioVersion = 10.0.40219.1
Project("{2150E333-8FDC-42A3-9474-1A3956D46DE8}") = "src", "src", "{2E81926A-9E70-4A2A-8798-D3B51EEDE72D}"
EndProject
Project("{2150E333-8FDC-42A3-9474-1A3956D46DE8}") = "Solution Items", "Solution Items", "{A6380FC2-82F7-44BB-9643-4C93230E9F24}"
	ProjectSection(SolutionItems) = preProject
		global.json = global.json
	EndProjectSection
EndProject
Project("{8BB2217D-0F2D-49D1-97BC-3654ED321F3B}") = "AlbumViewerVNext", "src\AlbumViewerVNext\AlbumViewerVNext.kproj", "{C7E8AFD6-C80E-4672-ACF4-F6C6DF57D318}"
EndProject
Project("{8BB2217D-0F2D-49D1-97BC-3654ED321F3B}") = "AlbumViewerBusiness", "src\AlbumViewerBusiness\AlbumViewerBusiness.kproj", "{CBA4182A-A3EF-41A5-900B-97979A682528}"
EndProject
Project("{8BB2217D-0F2D-49D1-97BC-3654ED321F3B}") = "AspVNextFromScratch", "src\AspVNextFromScratch\AspVNextFromScratch.kproj", "{F6B832E6-C937-4591-9A9B-F6E32B004834}"
EndProject
Global
	GlobalSection(SolutionConfigurationPlatforms) = preSolution
		Debug|Any CPU = Debug|Any CPU
		Release|Any CPU = Release|Any CPU
	EndGlobalSection
	GlobalSection(ProjectConfigurationPlatforms) = postSolution
		{C7E8AFD6-C80E-4672-ACF4-F6C6DF57D318}.Debug|Any CPU.ActiveCfg = Debug|Any CPU
		{C7E8AFD6-C80E-4672-ACF4-F6C6DF57D318}.Debug|Any CPU.Build.0 = Debug|Any CPU
		{C7E8AFD6-C80E-4672-ACF4-F6C6DF57D318}.Release|Any CPU.ActiveCfg = Release|Any CPU
		{C7E8AFD6-C80E-4672-ACF4-F6C6DF57D318}.Release|Any CPU.Build.0 = Release|Any CPU
		{CBA4182A-A3EF-41A5-900B-97979A682528}.Debug|Any CPU.ActiveCfg = Debug|Any CPU
		{CBA4182A-A3EF-41A5-900B-97979A682528}.Debug|Any CPU.Build.0 = Debug|Any CPU
		{CBA4182A-A3EF-41A5-900B-97979A682528}.Release|Any CPU.ActiveCfg = Release|Any CPU
		{CBA4182A-A3EF-41A5-900B-97979A682528}.Release|Any CPU.Build.0 = Release|Any CPU
		{F6B832E6-C937-4591-9A9B-F6E32B004834}.Debug|Any CPU.ActiveCfg = Debug|Any CPU
		{F6B832E6-C937-4591-9A9B-F6E32B004834}.Debug|Any CPU.Build.0 = Debug|Any CPU
		{F6B832E6-C937-4591-9A9B-F6E32B004834}.Release|Any CPU.ActiveCfg = Release|Any CPU
		{F6B832E6-C937-4591-9A9B-F6E32B004834}.Release|Any CPU.Build.0 = Release|Any CPU
	EndGlobalSection
	GlobalSection(SolutionProperties) = preSolution
		HideSolutionNode = FALSE
	EndGlobalSection
	GlobalSection(NestedProjects) = preSolution
		{C7E8AFD6-C80E-4672-ACF4-F6C6DF57D318} = {2E81926A-9E70-4A2A-8798-D3B51EEDE72D}
		{CBA4182A-A3EF-41A5-900B-97979A682528} = {2E81926A-9E70-4A2A-8798-D3B51EEDE72D}
		{F6B832E6-C937-4591-9A9B-F6E32B004834} = {2E81926A-9E70-4A2A-8798-D3B51EEDE72D}
	EndGlobalSection
EndGlobal
