
Microsoft Visual Studio Solution File, Format Version 12.00
# Visual Studio 14
VisualStudioVersion = 14.0.25420.1
MinimumVisualStudioVersion = 10.0.40219.1
Project("{2150E333-8FDC-42A3-9474-1A3956D46DE8}") = "src", "src", "{0A329D36-19A2-4F54-B3C7-17640DDBF44C}"
EndProject
Project("{2150E333-8FDC-42A3-9474-1A3956D46DE8}") = "Solution Items", "Solution Items", "{B10A5E44-A157-44F6-95C6-7AF5626B5D4C}"
	ProjectSection(SolutionItems) = preProject
		global.json = global.json
	EndProjectSection
EndProject
Project("{8BB2217D-0F2D-49D1-97BC-3654ED321F3B}") = "AlbumViewerNetCore", "src\AlbumViewerNetCore\AlbumViewerNetCore.xproj", "{00D86129-ADE5-403F-96AE-9263C01BE2E4}"
EndProject
Project("{8BB2217D-0F2D-49D1-97BC-3654ED321F3B}") = "AlbumViewerBusiness", "src\AlbumViewerBusiness\AlbumViewerBusiness.xproj", "{209EAF20-38E2-4C67-9557-9247A07213E6}"
EndProject
Project("{8BB2217D-0F2D-49D1-97BC-3654ED321F3B}") = "Westwind.Utilities", "src\Westwind.Utilities\Westwind.Utilities.xproj", "{4D936F4A-C6BD-4724-810F-949AB4D0BD36}"
EndProject
Global
	GlobalSection(SolutionConfigurationPlatforms) = preSolution
		Debug|Any CPU = Debug|Any CPU
		Release|Any CPU = Release|Any CPU
	EndGlobalSection
	GlobalSection(ProjectConfigurationPlatforms) = postSolution
		{00D86129-ADE5-403F-96AE-9263C01BE2E4}.Debug|Any CPU.ActiveCfg = Debug|Any CPU
		{00D86129-ADE5-403F-96AE-9263C01BE2E4}.Debug|Any CPU.Build.0 = Debug|Any CPU
		{00D86129-ADE5-403F-96AE-9263C01BE2E4}.Release|Any CPU.ActiveCfg = Release|Any CPU
		{00D86129-ADE5-403F-96AE-9263C01BE2E4}.Release|Any CPU.Build.0 = Release|Any CPU
		{209EAF20-38E2-4C67-9557-9247A07213E6}.Debug|Any CPU.ActiveCfg = Debug|Any CPU
		{209EAF20-38E2-4C67-9557-9247A07213E6}.Debug|Any CPU.Build.0 = Debug|Any CPU
		{209EAF20-38E2-4C67-9557-9247A07213E6}.Release|Any CPU.ActiveCfg = Release|Any CPU
		{209EAF20-38E2-4C67-9557-9247A07213E6}.Release|Any CPU.Build.0 = Release|Any CPU
		{4D936F4A-C6BD-4724-810F-949AB4D0BD36}.Debug|Any CPU.ActiveCfg = Debug|Any CPU
		{4D936F4A-C6BD-4724-810F-949AB4D0BD36}.Debug|Any CPU.Build.0 = Debug|Any CPU
		{4D936F4A-C6BD-4724-810F-949AB4D0BD36}.Release|Any CPU.ActiveCfg = Release|Any CPU
		{4D936F4A-C6BD-4724-810F-949AB4D0BD36}.Release|Any CPU.Build.0 = Release|Any CPU
	EndGlobalSection
	GlobalSection(SolutionProperties) = preSolution
		HideSolutionNode = FALSE
	EndGlobalSection
	GlobalSection(NestedProjects) = preSolution
		{00D86129-ADE5-403F-96AE-9263C01BE2E4} = {0A329D36-19A2-4F54-B3C7-17640DDBF44C}
		{209EAF20-38E2-4C67-9557-9247A07213E6} = {0A329D36-19A2-4F54-B3C7-17640DDBF44C}
		{4D936F4A-C6BD-4724-810F-949AB4D0BD36} = {0A329D36-19A2-4F54-B3C7-17640DDBF44C}
	EndGlobalSection
EndGlobal
